// !$*UTF8*$!
{
	archiveVersion = 1;
	classes = {
	};
	objectVersion = 50;
	objects = {

/* Begin PBXBuildFile section */
		18C2A030225D4FB10013D83D /* AppDelegate.swift in Sources */ = {isa = PBXBuildFile; fileRef = 18C2A02F225D4FB10013D83D /* AppDelegate.swift */; };
		18C2A032225D4FB10013D83D /* ParkListViewController.swift in Sources */ = {isa = PBXBuildFile; fileRef = 18C2A031225D4FB10013D83D /* ParkListViewController.swift */; };
		18C2A035225D4FB10013D83D /* Main.storyboard in Resources */ = {isa = PBXBuildFile; fileRef = 18C2A033225D4FB10013D83D /* Main.storyboard */; };
		18C2A037225D4FB30013D83D /* Assets.xcassets in Resources */ = {isa = PBXBuildFile; fileRef = 18C2A036225D4FB30013D83D /* Assets.xcassets */; };
		18C2A03A225D4FB30013D83D /* LaunchScreen.storyboard in Resources */ = {isa = PBXBuildFile; fileRef = 18C2A038225D4FB30013D83D /* LaunchScreen.storyboard */; };
		18C2A042225D51380013D83D /* States.swift in Sources */ = {isa = PBXBuildFile; fileRef = 18C2A041225D51380013D83D /* States.swift */; };
		18C2A044225D51510013D83D /* StatePicker.swift in Sources */ = {isa = PBXBuildFile; fileRef = 18C2A043225D51510013D83D /* StatePicker.swift */; };
		18C2A046225D51610013D83D /* ParkPicker.swift in Sources */ = {isa = PBXBuildFile; fileRef = 18C2A045225D51610013D83D /* ParkPicker.swift */; };
		18C2A048225D55430013D83D /* NationalPark.swift in Sources */ = {isa = PBXBuildFile; fileRef = 18C2A047225D55430013D83D /* NationalPark.swift */; };
		18C2A04A225D55570013D83D /* NationalParksService.swift in Sources */ = {isa = PBXBuildFile; fileRef = 18C2A049225D55560013D83D /* NationalParksService.swift */; };
		18C2A04C225D602A0013D83D /* ErrorAlertController.swift in Sources */ = {isa = PBXBuildFile; fileRef = 18C2A04B225D602A0013D83D /* ErrorAlertController.swift */; };
		18C2A052225D63650013D83D /* ImageCollectionViewController.swift in Sources */ = {isa = PBXBuildFile; fileRef = 18C2A051225D63650013D83D /* ImageCollectionViewController.swift */; };
		18C2A054225D638C0013D83D /* ImageDetailViewController.swift in Sources */ = {isa = PBXBuildFile; fileRef = 18C2A053225D638C0013D83D /* ImageDetailViewController.swift */; };
		18C2A056225D63AD0013D83D /* FlickrImage.swift in Sources */ = {isa = PBXBuildFile; fileRef = 18C2A055225D63AD0013D83D /* FlickrImage.swift */; };
		18C2A058225D63BC0013D83D /* FlickrPhotoData.swift in Sources */ = {isa = PBXBuildFile; fileRef = 18C2A057225D63BC0013D83D /* FlickrPhotoData.swift */; };
		18C2A05A225D63CD0013D83D /* FlickrPhotoSet.swift in Sources */ = {isa = PBXBuildFile; fileRef = 18C2A059225D63CD0013D83D /* FlickrPhotoSet.swift */; };
		18C2A05C225D63F80013D83D /* PhotoCell.swift in Sources */ = {isa = PBXBuildFile; fileRef = 18C2A05B225D63F80013D83D /* PhotoCell.swift */; };
		18C2A05E225D64130013D83D /* FlickrService.swift in Sources */ = {isa = PBXBuildFile; fileRef = 18C2A05D225D64130013D83D /* FlickrService.swift */; };
/* End PBXBuildFile section */

/* Begin PBXFileReference section */
		18C2A02C225D4FB10013D83D /* Parks Explorer.app */ = {isa = PBXFileReference; explicitFileType = wrapper.application; includeInIndex = 0; path = "Parks Explorer.app"; sourceTree = BUILT_PRODUCTS_DIR; };
		18C2A02F225D4FB10013D83D /* AppDelegate.swift */ = {isa = PBXFileReference; lastKnownFileType = sourcecode.swift; path = AppDelegate.swift; sourceTree = "<group>"; };
		18C2A031225D4FB10013D83D /* ParkListViewController.swift */ = {isa = PBXFileReference; lastKnownFileType = sourcecode.swift; path = ParkListViewController.swift; sourceTree = "<group>"; };
		18C2A034225D4FB10013D83D /* Base */ = {isa = PBXFileReference; lastKnownFileType = file.storyboard; name = Base; path = Base.lproj/Main.storyboard; sourceTree = "<group>"; };
		18C2A036225D4FB30013D83D /* Assets.xcassets */ = {isa = PBXFileReference; lastKnownFileType = folder.assetcatalog; path = Assets.xcassets; sourceTree = "<group>"; };
		18C2A039225D4FB30013D83D /* Base */ = {isa = PBXFileReference; lastKnownFileType = file.storyboard; name = Base; path = Base.lproj/LaunchScreen.storyboard; sourceTree = "<group>"; };
		18C2A03B225D4FB30013D83D /* Info.plist */ = {isa = PBXFileReference; lastKnownFileType = text.plist.xml; path = Info.plist; sourceTree = "<group>"; };
		18C2A041225D51380013D83D /* States.swift */ = {isa = PBXFileReference; lastKnownFileType = sourcecode.swift; path = States.swift; sourceTree = "<group>"; };
		18C2A043225D51510013D83D /* StatePicker.swift */ = {isa = PBXFileReference; lastKnownFileType = sourcecode.swift; path = StatePicker.swift; sourceTree = "<group>"; };
		18C2A045225D51610013D83D /* ParkPicker.swift */ = {isa = PBXFileReference; lastKnownFileType = sourcecode.swift; path = ParkPicker.swift; sourceTree = "<group>"; };
		18C2A047225D55430013D83D /* NationalPark.swift */ = {isa = PBXFileReference; lastKnownFileType = sourcecode.swift; path = NationalPark.swift; sourceTree = "<group>"; };
		18C2A049225D55560013D83D /* NationalParksService.swift */ = {isa = PBXFileReference; lastKnownFileType = sourcecode.swift; path = NationalParksService.swift; sourceTree = "<group>"; };
		18C2A04B225D602A0013D83D /* ErrorAlertController.swift */ = {isa = PBXFileReference; lastKnownFileType = sourcecode.swift; path = ErrorAlertController.swift; sourceTree = "<group>"; };
		18C2A051225D63650013D83D /* ImageCollectionViewController.swift */ = {isa = PBXFileReference; lastKnownFileType = sourcecode.swift; path = ImageCollectionViewController.swift; sourceTree = "<group>"; };
		18C2A053225D638C0013D83D /* ImageDetailViewController.swift */ = {isa = PBXFileReference; lastKnownFileType = sourcecode.swift; path = ImageDetailViewController.swift; sourceTree = "<group>"; };
		18C2A055225D63AD0013D83D /* FlickrImage.swift */ = {isa = PBXFileReference; lastKnownFileType = sourcecode.swift; path = FlickrImage.swift; sourceTree = "<group>"; };
		18C2A057225D63BC0013D83D /* FlickrPhotoData.swift */ = {isa = PBXFileReference; lastKnownFileType = sourcecode.swift; path = FlickrPhotoData.swift; sourceTree = "<group>"; };
		18C2A059225D63CD0013D83D /* FlickrPhotoSet.swift */ = {isa = PBXFileReference; lastKnownFileType = sourcecode.swift; path = FlickrPhotoSet.swift; sourceTree = "<group>"; };
		18C2A05B225D63F80013D83D /* PhotoCell.swift */ = {isa = PBXFileReference; lastKnownFileType = sourcecode.swift; path = PhotoCell.swift; sourceTree = "<group>"; };
		18C2A05D225D64130013D83D /* FlickrService.swift */ = {isa = PBXFileReference; lastKnownFileType = sourcecode.swift; path = FlickrService.swift; sourceTree = "<group>"; };
/* End PBXFileReference section */

/* Begin PBXFrameworksBuildPhase section */
		18C2A029225D4FB10013D83D /* Frameworks */ = {
			isa = PBXFrameworksBuildPhase;
			buildActionMask = 2147483647;
			files = (
			);
			runOnlyForDeploymentPostprocessing = 0;
		};
/* End PBXFrameworksBuildPhase section */

/* Begin PBXGroup section */
		18C2A023225D4FB10013D83D = {
			isa = PBXGroup;
			children = (
				18C2A02E225D4FB10013D83D /* Parks Explorer */,
				18C2A02D225D4FB10013D83D /* Products */,
			);
			sourceTree = "<group>";
		};
		18C2A02D225D4FB10013D83D /* Products */ = {
			isa = PBXGroup;
			children = (
				18C2A02C225D4FB10013D83D /* Parks Explorer.app */,
			);
			name = Products;
			sourceTree = "<group>";
		};
		18C2A02E225D4FB10013D83D /* Parks Explorer */ = {
			isa = PBXGroup;
			children = (
				18C2A02F225D4FB10013D83D /* AppDelegate.swift */,
				18C2A036225D4FB30013D83D /* Assets.xcassets */,
				18C2A033225D4FB10013D83D /* Main.storyboard */,
				18C2A038225D4FB30013D83D /* LaunchScreen.storyboard */,
				18C2A03B225D4FB30013D83D /* Info.plist */,
				18C2A050225D63100013D83D /* Controller */,
				18C2A04E225D62A00013D83D /* Model */,
				18C2A04D225D623A0013D83D /* Service */,
				18C2A04F225D62F60013D83D /* View */,
			);
			path = "Parks Explorer";
			sourceTree = "<group>";
		};
		18C2A04D225D623A0013D83D /* Service */ = {
			isa = PBXGroup;
			children = (
				18C2A049225D55560013D83D /* NationalParksService.swift */,
				18C2A05D225D64130013D83D /* FlickrService.swift */,
			);
			path = Service;
			sourceTree = "<group>";
		};
		18C2A04E225D62A00013D83D /* Model */ = {
			isa = PBXGroup;
			children = (
				18C2A047225D55430013D83D /* NationalPark.swift */,
				18C2A041225D51380013D83D /* States.swift */,
				18C2A055225D63AD0013D83D /* FlickrImage.swift */,
				18C2A057225D63BC0013D83D /* FlickrPhotoData.swift */,
				18C2A059225D63CD0013D83D /* FlickrPhotoSet.swift */,
			);
			path = Model;
			sourceTree = "<group>";
		};
		18C2A04F225D62F60013D83D /* View */ = {
			isa = PBXGroup;
			children = (
				18C2A04B225D602A0013D83D /* ErrorAlertController.swift */,
				18C2A043225D51510013D83D /* StatePicker.swift */,
				18C2A045225D51610013D83D /* ParkPicker.swift */,
				18C2A05B225D63F80013D83D /* PhotoCell.swift */,
			);
			path = View;
			sourceTree = "<group>";
		};
		18C2A050225D63100013D83D /* Controller */ = {
			isa = PBXGroup;
			children = (
				18C2A031225D4FB10013D83D /* ParkListViewController.swift */,
				18C2A051225D63650013D83D /* ImageCollectionViewController.swift */,
				18C2A053225D638C0013D83D /* ImageDetailViewController.swift */,
			);
			path = Controller;
			sourceTree = "<group>";
		};
/* End PBXGroup section */

/* Begin PBXNativeTarget section */
		18C2A02B225D4FB10013D83D /* Parks Explorer */ = {
			isa = PBXNativeTarget;
			buildConfigurationList = 18C2A03E225D4FB30013D83D /* Build configuration list for PBXNativeTarget "Parks Explorer" */;
			buildPhases = (
				18C2A028225D4FB10013D83D /* Sources */,
				18C2A029225D4FB10013D83D /* Frameworks */,
				18C2A02A225D4FB10013D83D /* Resources */,
			);
			buildRules = (
			);
			dependencies = (
			);
			name = "Parks Explorer";
			productName = "Parks Explorer";
			productReference = 18C2A02C225D4FB10013D83D /* Parks Explorer.app */;
			productType = "com.apple.product-type.application";
		};
/* End PBXNativeTarget section */

/* Begin PBXProject section */
		18C2A024225D4FB10013D83D /* Project object */ = {
			isa = PBXProject;
			attributes = {
				LastSwiftUpdateCheck = 1020;
				LastUpgradeCheck = 1020;
				ORGANIZATIONNAME = "Guled Ali";
				TargetAttributes = {
					18C2A02B225D4FB10013D83D = {
						CreatedOnToolsVersion = 10.2;
					};
				};
			};
			buildConfigurationList = 18C2A027225D4FB10013D83D /* Build configuration list for PBXProject "Parks Explorer" */;
			compatibilityVersion = "Xcode 9.3";
			developmentRegion = en;
			hasScannedForEncodings = 0;
			knownRegions = (
				en,
				Base,
			);
			mainGroup = 18C2A023225D4FB10013D83D;
			productRefGroup = 18C2A02D225D4FB10013D83D /* Products */;
			projectDirPath = "";
			projectRoot = "";
			targets = (
				18C2A02B225D4FB10013D83D /* Parks Explorer */,
			);
		};
/* End PBXProject section */

/* Begin PBXResourcesBuildPhase section */
		18C2A02A225D4FB10013D83D /* Resources */ = {
			isa = PBXResourcesBuildPhase;
			buildActionMask = 2147483647;
			files = (
				18C2A03A225D4FB30013D83D /* LaunchScreen.storyboard in Resources */,
				18C2A037225D4FB30013D83D /* Assets.xcassets in Resources */,
				18C2A035225D4FB10013D83D /* Main.storyboard in Resources */,
			);
			runOnlyForDeploymentPostprocessing = 0;
		};
/* End PBXResourcesBuildPhase section */

/* Begin PBXSourcesBuildPhase section */
		18C2A028225D4FB10013D83D /* Sources */ = {
			isa = PBXSourcesBuildPhase;
			buildActionMask = 2147483647;
			files = (
				18C2A05C225D63F80013D83D /* PhotoCell.swift in Sources */,
				18C2A056225D63AD0013D83D /* FlickrImage.swift in Sources */,
				18C2A05E225D64130013D83D /* FlickrService.swift in Sources */,
				18C2A05A225D63CD0013D83D /* FlickrPhotoSet.swift in Sources */,
				18C2A042225D51380013D83D /* States.swift in Sources */,
				18C2A032225D4FB10013D83D /* ParkListViewController.swift in Sources */,
				18C2A058225D63BC0013D83D /* FlickrPhotoData.swift in Sources */,
				18C2A04A225D55570013D83D /* NationalParksService.swift in Sources */,
				18C2A04C225D602A0013D83D /* ErrorAlertController.swift in Sources */,
				18C2A030225D4FB10013D83D /* AppDelegate.swift in Sources */,
				18C2A044225D51510013D83D /* StatePicker.swift in Sources */,
				18C2A052225D63650013D83D /* ImageCollectionViewController.swift in Sources */,
				18C2A046225D51610013D83D /* ParkPicker.swift in Sources */,
				18C2A048225D55430013D83D /* NationalPark.swift in Sources */,
				18C2A054225D638C0013D83D /* ImageDetailViewController.swift in Sources */,
			);
			runOnlyForDeploymentPostprocessing = 0;
		};
/* End PBXSourcesBuildPhase section */

/* Begin PBXVariantGroup section */
		18C2A033225D4FB10013D83D /* Main.storyboard */ = {
			isa = PBXVariantGroup;
			children = (
				18C2A034225D4FB10013D83D /* Base */,
			);
			name = Main.storyboard;
			sourceTree = "<group>";
		};
		18C2A038225D4FB30013D83D /* LaunchScreen.storyboard */ = {
			isa = PBXVariantGroup;
			children = (
				18C2A039225D4FB30013D83D /* Base */,
			);
			name = LaunchScreen.storyboard;
			sourceTree = "<group>";
		};
/* End PBXVariantGroup section */

/* Begin XCBuildConfiguration section */
		18C2A03C225D4FB30013D83D /* Debug */ = {
			isa = XCBuildConfiguration;
			buildSettings = {
				ALWAYS_SEARCH_USER_PATHS = NO;
				CLANG_ANALYZER_NONNULL = YES;
				CLANG_ANALYZER_NUMBER_OBJECT_CONVERSION = YES_AGGRESSIVE;
				CLANG_CXX_LANGUAGE_STANDARD = "gnu++14";
				CLANG_CXX_LIBRARY = "libc++";
				CLANG_ENABLE_MODULES = YES;
				CLANG_ENABLE_OBJC_ARC = YES;
				CLANG_ENABLE_OBJC_WEAK = YES;
				CLANG_WARN_BLOCK_CAPTURE_AUTORELEASING = YES;
				CLANG_WARN_BOOL_CONVERSION = YES;
				CLANG_WARN_COMMA = YES;
				CLANG_WARN_CONSTANT_CONVERSION = YES;
				CLANG_WARN_DEPRECATED_OBJC_IMPLEMENTATIONS = YES;
				CLANG_WARN_DIRECT_OBJC_ISA_USAGE = YES_ERROR;
				CLANG_WARN_DOCUMENTATION_COMMENTS = YES;
				CLANG_WARN_EMPTY_BODY = YES;
				CLANG_WARN_ENUM_CONVERSION = YES;
				CLANG_WARN_INFINITE_RECURSION = YES;
				CLANG_WARN_INT_CONVERSION = YES;
				CLANG_WARN_NON_LITERAL_NULL_CONVERSION = YES;
				CLANG_WARN_OBJC_IMPLICIT_RETAIN_SELF = YES;
				CLANG_WARN_OBJC_LITERAL_CONVERSION = YES;
				CLANG_WARN_OBJC_ROOT_CLASS = YES_ERROR;
				CLANG_WARN_RANGE_LOOP_ANALYSIS = YES;
				CLANG_WARN_STRICT_PROTOTYPES = YES;
				CLANG_WARN_SUSPICIOUS_MOVE = YES;
				CLANG_WARN_UNGUARDED_AVAILABILITY = YES_AGGRESSIVE;
				CLANG_WARN_UNREACHABLE_CODE = YES;
				CLANG_WARN__DUPLICATE_METHOD_MATCH = YES;
				CODE_SIGN_IDENTITY = "iPhone Developer";
				COPY_PHASE_STRIP = NO;
				DEBUG_INFORMATION_FORMAT = dwarf;
				ENABLE_STRICT_OBJC_MSGSEND = YES;
				ENABLE_TESTABILITY = YES;
				GCC_C_LANGUAGE_STANDARD = gnu11;
				GCC_DYNAMIC_NO_PIC = NO;
				GCC_NO_COMMON_BLOCKS = YES;
				GCC_OPTIMIZATION_LEVEL = 0;
				GCC_PREPROCESSOR_DEFINITIONS = (
					"DEBUG=1",
					"$(inherited)",
				);
				GCC_WARN_64_TO_32_BIT_CONVERSION = YES;
				GCC_WARN_ABOUT_RETURN_TYPE = YES_ERROR;
				GCC_WARN_UNDECLARED_SELECTOR = YES;
				GCC_WARN_UNINITIALIZED_AUTOS = YES_AGGRESSIVE;
				GCC_WARN_UNUSED_FUNCTION = YES;
				GCC_WARN_UNUSED_VARIABLE = YES;
				IPHONEOS_DEPLOYMENT_TARGET = 12.2;
				MTL_ENABLE_DEBUG_INFO = INCLUDE_SOURCE;
				MTL_FAST_MATH = YES;
				ONLY_ACTIVE_ARCH = YES;
				SDKROOT = iphoneos;
				SWIFT_ACTIVE_COMPILATION_CONDITIONS = DEBUG;
				SWIFT_OPTIMIZATION_LEVEL = "-Onone";
			};
			name = Debug;
		};
		18C2A03D225D4FB30013D83D /* Release */ = {
			isa = XCBuildConfiguration;
			buildSettings = {
				ALWAYS_SEARCH_USER_PATHS = NO;
				CLANG_ANALYZER_NONNULL = YES;
				CLANG_ANALYZER_NUMBER_OBJECT_CONVERSION = YES_AGGRESSIVE;
				CLANG_CXX_LANGUAGE_STANDARD = "gnu++14";
				CLANG_CXX_LIBRARY = "libc++";
				CLANG_ENABLE_MODULES = YES;
				CLANG_ENABLE_OBJC_ARC = YES;
				CLANG_ENABLE_OBJC_WEAK = YES;
				CLANG_WARN_BLOCK_CAPTURE_AUTORELEASING = YES;
				CLANG_WARN_BOOL_CONVERSION = YES;
				CLANG_WARN_COMMA = YES;
				CLANG_WARN_CONSTANT_CONVERSION = YES;
				CLANG_WARN_DEPRECATED_OBJC_IMPLEMENTATIONS = YES;
				CLANG_WARN_DIRECT_OBJC_ISA_USAGE = YES_ERROR;
				CLANG_WARN_DOCUMENTATION_COMMENTS = YES;
				CLANG_WARN_EMPTY_BODY = YES;
				CLANG_WARN_ENUM_CONVERSION = YES;
				CLANG_WARN_INFINITE_RECURSION = YES;
				CLANG_WARN_INT_CONVERSION = YES;
				CLANG_WARN_NON_LITERAL_NULL_CONVERSION = YES;
				CLANG_WARN_OBJC_IMPLICIT_RETAIN_SELF = YES;
				CLANG_WARN_OBJC_LITERAL_CONVERSION = YES;
				CLANG_WARN_OBJC_ROOT_CLASS = YES_ERROR;
				CLANG_WARN_RANGE_LOOP_ANALYSIS = YES;
				CLANG_WARN_STRICT_PROTOTYPES = YES;
				CLANG_WARN_SUSPICIOUS_MOVE = YES;
				CLANG_WARN_UNGUARDED_AVAILABILITY = YES_AGGRESSIVE;
				CLANG_WARN_UNREACHABLE_CODE = YES;
				CLANG_WARN__DUPLICATE_METHOD_MATCH = YES;
				CODE_SIGN_IDENTITY = "iPhone Developer";
				COPY_PHASE_STRIP = NO;
				DEBUG_INFORMATION_FORMAT = "dwarf-with-dsym";
				ENABLE_NS_ASSERTIONS = NO;
				ENABLE_STRICT_OBJC_MSGSEND = YES;
				GCC_C_LANGUAGE_STANDARD = gnu11;
				GCC_NO_COMMON_BLOCKS = YES;
				GCC_WARN_64_TO_32_BIT_CONVERSION = YES;
				GCC_WARN_ABOUT_RETURN_TYPE = YES_ERROR;
				GCC_WARN_UNDECLARED_SELECTOR = YES;
				GCC_WARN_UNINITIALIZED_AUTOS = YES_AGGRESSIVE;
				GCC_WARN_UNUSED_FUNCTION = YES;
				GCC_WARN_UNUSED_VARIABLE = YES;
				IPHONEOS_DEPLOYMENT_TARGET = 12.2;
				MTL_ENABLE_DEBUG_INFO = NO;
				MTL_FAST_MATH = YES;
				SDKROOT = iphoneos;
				SWIFT_COMPILATION_MODE = wholemodule;
				SWIFT_OPTIMIZATION_LEVEL = "-O";
				VALIDATE_PRODUCT = YES;
			};
			name = Release;
		};
		18C2A03F225D4FB30013D83D /* Debug */ = {
			isa = XCBuildConfiguration;
			buildSettings = {
				ASSETCATALOG_COMPILER_APPICON_NAME = AppIcon;
				CODE_SIGN_STYLE = Automatic;
				DEVELOPMENT_TEAM = 6NZ8EK4C5H;
				INFOPLIST_FILE = "Parks Explorer/Info.plist";
				LD_RUNPATH_SEARCH_PATHS = (
					"$(inherited)",
					"@executable_path/Frameworks",
				);
				PRODUCT_BUNDLE_IDENTIFIER = "Guled-Ali.Parks-Explorer";
				PRODUCT_NAME = "$(TARGET_NAME)";
				SWIFT_VERSION = 4.2;
				TARGETED_DEVICE_FAMILY = "1,2";
			};
			name = Debug;
		};
		18C2A040225D4FB30013D83D /* Release */ = {
			isa = XCBuildConfiguration;
			buildSettings = {
				ASSETCATALOG_COMPILER_APPICON_NAME = AppIcon;
				CODE_SIGN_STYLE = Automatic;
				DEVELOPMENT_TEAM = 6NZ8EK4C5H;
				INFOPLIST_FILE = "Parks Explorer/Info.plist";
				LD_RUNPATH_SEARCH_PATHS = (
					"$(inherited)",
					"@executable_path/Frameworks",
				);
				PRODUCT_BUNDLE_IDENTIFIER = "Guled-Ali.Parks-Explorer";
				PRODUCT_NAME = "$(TARGET_NAME)";
				SWIFT_VERSION = 4.2;
				TARGETED_DEVICE_FAMILY = "1,2";
			};
			name = Release;
		};
/* End XCBuildConfiguration section */

/* Begin XCConfigurationList section */
		18C2A027225D4FB10013D83D /* Build configuration list for PBXProject "Parks Explorer" */ = {
			isa = XCConfigurationList;
			buildConfigurations = (
				18C2A03C225D4FB30013D83D /* Debug */,
				18C2A03D225D4FB30013D83D /* Release */,
			);
			defaultConfigurationIsVisible = 0;
			defaultConfigurationName = Release;
		};
		18C2A03E225D4FB30013D83D /* Build configuration list for PBXNativeTarget "Parks Explorer" */ = {
			isa = XCConfigurationList;
			buildConfigurations = (
				18C2A03F225D4FB30013D83D /* Debug */,
				18C2A040225D4FB30013D83D /* Release */,
			);
			defaultConfigurationIsVisible = 0;
			defaultConfigurationName = Release;
		};
/* End XCConfigurationList section */
	};
	rootObject = 18C2A024225D4FB10013D83D /* Project object */;
}
